
Microsoft Visual Studio Solution File, Format Version 12.00
# Visual Studio Version 16
VisualStudioVersion = 16.0.29920.165
MinimumVisualStudioVersion = 10.0.40219.1
Project("{FAE04EC0-301F-11D3-BF4B-00C04F79EFBC}") = "BusBooking_Project", "BusBooking_Project\BusBooking_Project.csproj", "{31A4AE18-E0DF-4B24-82F4-9399EFD88779}"
EndProject
Global
	GlobalSection(SolutionConfigurationPlatforms) = preSolution
		Debug|Any CPU = Debug|Any CPU
		Release|Any CPU = Release|Any CPU
	EndGlobalSection
	GlobalSection(ProjectConfigurationPlatforms) = postSolution
		{31A4AE18-E0DF-4B24-82F4-9399EFD88779}.Debug|Any CPU.ActiveCfg = Debug|Any CPU
		{31A4AE18-E0DF-4B24-82F4-9399EFD88779}.Debug|Any CPU.Build.0 = Debug|Any CPU
		{31A4AE18-E0DF-4B24-82F4-9399EFD88779}.Release|Any CPU.ActiveCfg = Release|Any CPU
		{31A4AE18-E0DF-4B24-82F4-9399EFD88779}.Release|Any CPU.Build.0 = Release|Any CPU
	EndGlobalSection
	GlobalSection(SolutionProperties) = preSolution
		HideSolutionNode = FALSE
	EndGlobalSection
	GlobalSection(ExtensibilityGlobals) = postSolution
		SolutionGuid = {74AA770D-D9DA-4902-A118-8E48760E4CE7}
	EndGlobalSection
EndGlobal
